
Microsoft Visual Studio Solution File, Format Version 12.00
# Visual Studio 14
VisualStudioVersion = 14.0.25420.1
MinimumVisualStudioVersion = 10.0.40219.1
Project("{FAE04EC0-301F-11D3-BF4B-00C04F79EFBC}") = "ServiceControl.TransportAdapter", "ServiceControl.TransportAdapter\ServiceControl.TransportAdapter.csproj", "{9B891C3B-8051-4BB5-9257-6A954CF908C3}"
EndProject
Project("{FAE04EC0-301F-11D3-BF4B-00C04F79EFBC}") = "ServiceControl.SqlServer", "SqlSeverSample\ServiceControl.SqlServer.csproj", "{B2762151-4C63-43B0-B3BF-02D808F7086A}"
EndProject
Project("{FAE04EC0-301F-11D3-BF4B-00C04F79EFBC}") = "SomeEndpoint", "SomeEndpoint\SomeEndpoint.csproj", "{F7CF7AA4-B6BB-4658-9379-E678F769154E}"
EndProject
Project("{FAE04EC0-301F-11D3-BF4B-00C04F79EFBC}") = "OtherEndpoint", "OtherEndpoint\OtherEndpoint.csproj", "{C6777082-5262-4A94-9DDD-779CB19DB9D5}"
EndProject
Project("{FAE04EC0-301F-11D3-BF4B-00C04F79EFBC}") = "ConnectionManager", "ConnectionManager\ConnectionManager.csproj", "{90033DA1-5D9E-412B-9AA1-89604E75CBF9}"
EndProject
Project("{FAE04EC0-301F-11D3-BF4B-00C04F79EFBC}") = "ServiceControl.RabbitMQ", "ServiceControl.RabbitMQ\ServiceControl.RabbitMQ.csproj", "{4AE8995A-EECD-488A-83F7-1C307529BAB0}"
EndProject
Project("{2150E333-8FDC-42A3-9474-1A3956D46DE8}") = "SqlServer", "SqlServer", "{B7BE3970-A1FC-4561-B068-4F8D56FA213A}"
EndProject
Project("{2150E333-8FDC-42A3-9474-1A3956D46DE8}") = "RabbitMQ", "RabbitMQ", "{F02DA5DF-E450-4896-B27C-FCAF4541EA8F}"
EndProject
Project("{FAE04EC0-301F-11D3-BF4B-00C04F79EFBC}") = "YetAnotherEndpoint", "YetAnotherEndpoint\YetAnotherEndpoint.csproj", "{EF48172D-73E5-4598-84F4-6E5F5C37889D}"
EndProject
Project("{FAE04EC0-301F-11D3-BF4B-00C04F79EFBC}") = "AcceptanceTests", "AcceptanceTests\AcceptanceTests.csproj", "{95B821CD-36ED-419D-93B5-42490F9D2D76}"
EndProject
Global
	GlobalSection(SolutionConfigurationPlatforms) = preSolution
		Debug|Any CPU = Debug|Any CPU
		Release|Any CPU = Release|Any CPU
	EndGlobalSection
	GlobalSection(ProjectConfigurationPlatforms) = postSolution
		{9B891C3B-8051-4BB5-9257-6A954CF908C3}.Debug|Any CPU.ActiveCfg = Debug|Any CPU
		{9B891C3B-8051-4BB5-9257-6A954CF908C3}.Debug|Any CPU.Build.0 = Debug|Any CPU
		{9B891C3B-8051-4BB5-9257-6A954CF908C3}.Release|Any CPU.ActiveCfg = Release|Any CPU
		{9B891C3B-8051-4BB5-9257-6A954CF908C3}.Release|Any CPU.Build.0 = Release|Any CPU
		{B2762151-4C63-43B0-B3BF-02D808F7086A}.Debug|Any CPU.ActiveCfg = Debug|Any CPU
		{B2762151-4C63-43B0-B3BF-02D808F7086A}.Debug|Any CPU.Build.0 = Debug|Any CPU
		{B2762151-4C63-43B0-B3BF-02D808F7086A}.Release|Any CPU.ActiveCfg = Release|Any CPU
		{B2762151-4C63-43B0-B3BF-02D808F7086A}.Release|Any CPU.Build.0 = Release|Any CPU
		{F7CF7AA4-B6BB-4658-9379-E678F769154E}.Debug|Any CPU.ActiveCfg = Debug|Any CPU
		{F7CF7AA4-B6BB-4658-9379-E678F769154E}.Debug|Any CPU.Build.0 = Debug|Any CPU
		{F7CF7AA4-B6BB-4658-9379-E678F769154E}.Release|Any CPU.ActiveCfg = Release|Any CPU
		{F7CF7AA4-B6BB-4658-9379-E678F769154E}.Release|Any CPU.Build.0 = Release|Any CPU
		{C6777082-5262-4A94-9DDD-779CB19DB9D5}.Debug|Any CPU.ActiveCfg = Debug|Any CPU
		{C6777082-5262-4A94-9DDD-779CB19DB9D5}.Debug|Any CPU.Build.0 = Debug|Any CPU
		{C6777082-5262-4A94-9DDD-779CB19DB9D5}.Release|Any CPU.ActiveCfg = Release|Any CPU
		{C6777082-5262-4A94-9DDD-779CB19DB9D5}.Release|Any CPU.Build.0 = Release|Any CPU
		{90033DA1-5D9E-412B-9AA1-89604E75CBF9}.Debug|Any CPU.ActiveCfg = Debug|Any CPU
		{90033DA1-5D9E-412B-9AA1-89604E75CBF9}.Debug|Any CPU.Build.0 = Debug|Any CPU
		{90033DA1-5D9E-412B-9AA1-89604E75CBF9}.Release|Any CPU.ActiveCfg = Release|Any CPU
		{90033DA1-5D9E-412B-9AA1-89604E75CBF9}.Release|Any CPU.Build.0 = Release|Any CPU
		{4AE8995A-EECD-488A-83F7-1C307529BAB0}.Debug|Any CPU.ActiveCfg = Debug|Any CPU
		{4AE8995A-EECD-488A-83F7-1C307529BAB0}.Debug|Any CPU.Build.0 = Debug|Any CPU
		{4AE8995A-EECD-488A-83F7-1C307529BAB0}.Release|Any CPU.ActiveCfg = Release|Any CPU
		{4AE8995A-EECD-488A-83F7-1C307529BAB0}.Release|Any CPU.Build.0 = Release|Any CPU
		{EF48172D-73E5-4598-84F4-6E5F5C37889D}.Debug|Any CPU.ActiveCfg = Debug|Any CPU
		{EF48172D-73E5-4598-84F4-6E5F5C37889D}.Debug|Any CPU.Build.0 = Debug|Any CPU
		{EF48172D-73E5-4598-84F4-6E5F5C37889D}.Release|Any CPU.ActiveCfg = Release|Any CPU
		{EF48172D-73E5-4598-84F4-6E5F5C37889D}.Release|Any CPU.Build.0 = Release|Any CPU
		{95B821CD-36ED-419D-93B5-42490F9D2D76}.Debug|Any CPU.ActiveCfg = Debug|Any CPU
		{95B821CD-36ED-419D-93B5-42490F9D2D76}.Debug|Any CPU.Build.0 = Debug|Any CPU
		{95B821CD-36ED-419D-93B5-42490F9D2D76}.Release|Any CPU.ActiveCfg = Release|Any CPU
		{95B821CD-36ED-419D-93B5-42490F9D2D76}.Release|Any CPU.Build.0 = Release|Any CPU
	EndGlobalSection
	GlobalSection(SolutionProperties) = preSolution
		HideSolutionNode = FALSE
	EndGlobalSection
	GlobalSection(NestedProjects) = preSolution
		{B2762151-4C63-43B0-B3BF-02D808F7086A} = {B7BE3970-A1FC-4561-B068-4F8D56FA213A}
		{F7CF7AA4-B6BB-4658-9379-E678F769154E} = {B7BE3970-A1FC-4561-B068-4F8D56FA213A}
		{C6777082-5262-4A94-9DDD-779CB19DB9D5} = {B7BE3970-A1FC-4561-B068-4F8D56FA213A}
		{90033DA1-5D9E-412B-9AA1-89604E75CBF9} = {B7BE3970-A1FC-4561-B068-4F8D56FA213A}
		{4AE8995A-EECD-488A-83F7-1C307529BAB0} = {F02DA5DF-E450-4896-B27C-FCAF4541EA8F}
		{EF48172D-73E5-4598-84F4-6E5F5C37889D} = {F02DA5DF-E450-4896-B27C-FCAF4541EA8F}
	EndGlobalSection
EndGlobal
