
Microsoft Visual Studio Solution File, Format Version 12.00
# Visual Studio 15
VisualStudioVersion = 15.0.26430.14
MinimumVisualStudioVersion = 10.0.40219.1
Project("{9A19103F-16F7-4668-BE54-9A1E7A4F7556}") = "ServiceControl.TransportAdapter", "ServiceControl.TransportAdapter\ServiceControl.TransportAdapter.csproj", "{9B891C3B-8051-4BB5-9257-6A954CF908C3}"
EndProject
Project("{9A19103F-16F7-4668-BE54-9A1E7A4F7556}") = "AcceptanceTests", "AcceptanceTests\AcceptanceTests.csproj", "{95B821CD-36ED-419D-93B5-42490F9D2D76}"
EndProject
Project("{9A19103F-16F7-4668-BE54-9A1E7A4F7556}") = "ServiceControl.TransportAdapter.Tests", "ServiceControl.TransportAdapter.Tests\ServiceControl.TransportAdapter.Tests.csproj", "{A7C5D568-75C5-4438-84E3-C0DDD10415FA}"
EndProject
Global
	GlobalSection(SolutionConfigurationPlatforms) = preSolution
		Debug|Any CPU = Debug|Any CPU
		Release|Any CPU = Release|Any CPU
	EndGlobalSection
	GlobalSection(ProjectConfigurationPlatforms) = postSolution
		{9B891C3B-8051-4BB5-9257-6A954CF908C3}.Debug|Any CPU.ActiveCfg = Debug|Any CPU
		{9B891C3B-8051-4BB5-9257-6A954CF908C3}.Debug|Any CPU.Build.0 = Debug|Any CPU
		{9B891C3B-8051-4BB5-9257-6A954CF908C3}.Release|Any CPU.ActiveCfg = Release|Any CPU
		{9B891C3B-8051-4BB5-9257-6A954CF908C3}.Release|Any CPU.Build.0 = Release|Any CPU
		{95B821CD-36ED-419D-93B5-42490F9D2D76}.Debug|Any CPU.ActiveCfg = Debug|Any CPU
		{95B821CD-36ED-419D-93B5-42490F9D2D76}.Debug|Any CPU.Build.0 = Debug|Any CPU
		{95B821CD-36ED-419D-93B5-42490F9D2D76}.Release|Any CPU.ActiveCfg = Release|Any CPU
		{95B821CD-36ED-419D-93B5-42490F9D2D76}.Release|Any CPU.Build.0 = Release|Any CPU
		{A7C5D568-75C5-4438-84E3-C0DDD10415FA}.Debug|Any CPU.ActiveCfg = Debug|Any CPU
		{A7C5D568-75C5-4438-84E3-C0DDD10415FA}.Debug|Any CPU.Build.0 = Debug|Any CPU
		{A7C5D568-75C5-4438-84E3-C0DDD10415FA}.Release|Any CPU.ActiveCfg = Release|Any CPU
		{A7C5D568-75C5-4438-84E3-C0DDD10415FA}.Release|Any CPU.Build.0 = Release|Any CPU
	EndGlobalSection
	GlobalSection(SolutionProperties) = preSolution
		HideSolutionNode = FALSE
	EndGlobalSection
	GlobalSection(ExtensibilityGlobals) = postSolution
		SolutionGuid = {A9683A6B-84E4-4B32-810A-88E574B30E8A}
	EndGlobalSection
EndGlobal
